
Microsoft Visual Studio Solution File, Format Version 12.00
# Visual Studio Version 17
VisualStudioVersion = 17.0.32126.317
MinimumVisualStudioVersion = 10.0.40219.1
Project("{FAE04EC0-301F-11D3-BF4B-00C04F79EFBC}") = "laba 9", "laba 9\laba 9.csproj", "{BC098E2C-357F-4ED2-A9D8-F880C8358E73}"
EndProject
Project("{FAE04EC0-301F-11D3-BF4B-00C04F79EFBC}") = "TestProject1", "TestProject1\TestProject1.csproj", "{55F15D0A-973B-4B0C-93DC-8601F3577B84}"
EndProject
Global
	GlobalSection(SolutionConfigurationPlatforms) = preSolution
		Debug|Any CPU = Debug|Any CPU
		Release|Any CPU = Release|Any CPU
	EndGlobalSection
	GlobalSection(ProjectConfigurationPlatforms) = postSolution
		{BC098E2C-357F-4ED2-A9D8-F880C8358E73}.Debug|Any CPU.ActiveCfg = Debug|Any CPU
		{BC098E2C-357F-4ED2-A9D8-F880C8358E73}.Debug|Any CPU.Build.0 = Debug|Any CPU
		{BC098E2C-357F-4ED2-A9D8-F880C8358E73}.Release|Any CPU.ActiveCfg = Release|Any CPU
		{BC098E2C-357F-4ED2-A9D8-F880C8358E73}.Release|Any CPU.Build.0 = Release|Any CPU
		{55F15D0A-973B-4B0C-93DC-8601F3577B84}.Debug|Any CPU.ActiveCfg = Debug|Any CPU
		{55F15D0A-973B-4B0C-93DC-8601F3577B84}.Debug|Any CPU.Build.0 = Debug|Any CPU
		{55F15D0A-973B-4B0C-93DC-8601F3577B84}.Release|Any CPU.ActiveCfg = Release|Any CPU
		{55F15D0A-973B-4B0C-93DC-8601F3577B84}.Release|Any CPU.Build.0 = Release|Any CPU
	EndGlobalSection
	GlobalSection(SolutionProperties) = preSolution
		HideSolutionNode = FALSE
	EndGlobalSection
	GlobalSection(ExtensibilityGlobals) = postSolution
		SolutionGuid = {FF4479B5-CC73-459D-A71D-E79CC1669ACD}
	EndGlobalSection
EndGlobal
